{
  "version": 4,
  "terraform_version": "1.7.5",
  "serial": 77,
  "lineage": "abc73428-6188-e8e6-70c0-d4a17cacbdd7",
  "outputs": {},
  "resources": [
    {
      "mode": "managed",
      "type": "azurerm_user_assigned_identity",
      "name": "example",
      "provider": "provider[\"registry.terraform.io/hashicorp/azurerm\"]",
      "instances": [
        {
          "schema_version": 1,
          "attributes": {
            "client_id": "24869743-3d0e-470f-a846-19b918e860fc",
            "id": "/subscriptions/75223151-1800-43db-a8f3-b7fe605d3385/resourceGroups/Ashwita/providers/Microsoft.ManagedIdentity/userAssignedIdentities/appgw-api",
            "location": "centralindia",
            "name": "appgw-api",
            "principal_id": "12be3f02-7646-4b35-9a48-ebc0705b3dab",
            "resource_group_name": "Ashwita",
            "tags": {
              "CreatedBy": "ashwita.pal@tothenew.com"
            },
            "tenant_id": "0c53c388-7eb5-482b-93e5-b18fe1e53cf7",
            "timeouts": null
          },
          "sensitive_attributes": [],
          "private": "eyJlMmJmYjczMC1lY2FhLTExZTYtOGY4OC0zNDM2M2JjN2M0YzAiOnsiY3JlYXRlIjoxODAwMDAwMDAwMDAwLCJkZWxldGUiOjE4MDAwMDAwMDAwMDAsInJlYWQiOjMwMDAwMDAwMDAwMCwidXBkYXRlIjoxODAwMDAwMDAwMDAwfSwic2NoZW1hX3ZlcnNpb24iOiIxIn0="
        }
      ]
    },
    {
      "module": "module.application-gateway",
      "mode": "data",
      "type": "azurerm_resource_group",
      "name": "rgrp",
      "provider": "module.application-gateway.provider[\"registry.terraform.io/hashicorp/azurerm\"]",
      "instances": [
        {
          "index_key": 0,
          "schema_version": 0,
          "attributes": {
            "id": "/subscriptions/75223151-1800-43db-a8f3-b7fe605d3385/resourceGroups/Ashwita",
            "location": "centralindia",
            "managed_by": "",
            "name": "Ashwita",
            "tags": {
              "CreatedBy": "ashwita.pal@tothenew",
              "Purpose": "learning"
            },
            "timeouts": null
          },
          "sensitive_attributes": []
        }
      ]
    },
    {
      "module": "module.application-gateway",
      "mode": "data",
      "type": "azurerm_subnet",
      "name": "snet",
      "provider": "module.application-gateway.provider[\"registry.terraform.io/hashicorp/azurerm\"]",
      "instances": []
    },
    {
      "module": "module.application-gateway",
      "mode": "data",
      "type": "azurerm_virtual_network",
      "name": "vnet",
      "provider": "module.application-gateway.provider[\"registry.terraform.io/hashicorp/azurerm\"]",
      "instances": []
    },
    {
      "module": "module.application-gateway",
      "mode": "managed",
      "type": "azurerm_public_ip",
      "name": "pip",
      "provider": "module.application-gateway.provider[\"registry.terraform.io/hashicorp/azurerm\"]",
      "instances": [
        {
          "schema_version": 0,
          "attributes": {
            "allocation_method": "Static",
            "ddos_protection_mode": "VirtualNetworkInherited",
            "ddos_protection_plan_id": null,
            "domain_name_label": null,
            "edge_zone": "",
            "fqdn": null,
            "id": "/subscriptions/75223151-1800-43db-a8f3-b7fe605d3385/resourceGroups/Ashwita/providers/Microsoft.Network/publicIPAddresses/testgateway",
            "idle_timeout_in_minutes": 4,
            "ip_address": "98.70.101.172",
            "ip_tags": {},
            "ip_version": "IPv4",
            "location": "centralindia",
            "name": "testgateway",
            "public_ip_prefix_id": null,
            "resource_group_name": "Ashwita",
            "reverse_fqdn": null,
            "sku": "Standard",
            "sku_tier": "Regional",
            "tags": {
              "CreatedBy": "ashwita.pal@tothenew.com",
              "Env": "dev",
              "ProjectName": "demo-internal",
              "ResourceName": "testgateway-centralindia-gw-pip"
            },
            "timeouts": null,
            "zones": []
          },
          "sensitive_attributes": [],
          "private": "eyJlMmJmYjczMC1lY2FhLTExZTYtOGY4OC0zNDM2M2JjN2M0YzAiOnsiY3JlYXRlIjoxODAwMDAwMDAwMDAwLCJkZWxldGUiOjE4MDAwMDAwMDAwMDAsInJlYWQiOjMwMDAwMDAwMDAwMCwidXBkYXRlIjoxODAwMDAwMDAwMDAwfX0=",
          "dependencies": [
            "module.application-gateway.data.azurerm_resource_group.rgrp"
          ]
        }
      ]
    },
    {
      "module": "module.application-gateway",
      "mode": "managed",
      "type": "azurerm_subnet",
      "name": "example",
      "provider": "module.application-gateway.provider[\"registry.terraform.io/hashicorp/azurerm\"]",
      "instances": [
        {
          "index_key": 0,
          "schema_version": 0,
          "attributes": {
            "address_prefixes": [
              "10.254.0.0/24"
            ],
            "delegation": [],
            "enforce_private_link_endpoint_network_policies": false,
            "enforce_private_link_service_network_policies": false,
            "id": "/subscriptions/75223151-1800-43db-a8f3-b7fe605d3385/resourceGroups/Ashwita/providers/Microsoft.Network/virtualNetworks/testingcode/subnets/subnet01",
            "name": "subnet01",
            "private_endpoint_network_policies_enabled": true,
            "private_link_service_network_policies_enabled": true,
            "resource_group_name": "Ashwita",
            "service_endpoint_policy_ids": [],
            "service_endpoints": [],
            "timeouts": null,
            "virtual_network_name": "testingcode"
          },
          "sensitive_attributes": [],
          "private": "eyJlMmJmYjczMC1lY2FhLTExZTYtOGY4OC0zNDM2M2JjN2M0YzAiOnsiY3JlYXRlIjoxODAwMDAwMDAwMDAwLCJkZWxldGUiOjE4MDAwMDAwMDAwMDAsInJlYWQiOjMwMDAwMDAwMDAwMCwidXBkYXRlIjoxODAwMDAwMDAwMDAwfX0=",
          "dependencies": [
            "module.application-gateway.data.azurerm_resource_group.rgrp",
            "module.application-gateway.data.azurerm_virtual_network.vnet"
          ]
        }
      ]
    },
    {
      "module": "module.application-gateway",
      "mode": "managed",
      "type": "azurerm_virtual_network",
      "name": "example",
      "provider": "module.application-gateway.provider[\"registry.terraform.io/hashicorp/azurerm\"]",
      "instances": [
        {
          "index_key": 0,
          "schema_version": 0,
          "attributes": {
            "address_space": [
              "10.254.0.0/16"
            ],
            "bgp_community": "",
            "ddos_protection_plan": [],
            "dns_servers": [],
            "edge_zone": "",
            "encryption": [],
            "flow_timeout_in_minutes": 0,
            "guid": "9359672f-f880-4760-a670-3e308e9409c3",
            "id": "/subscriptions/75223151-1800-43db-a8f3-b7fe605d3385/resourceGroups/Ashwita/providers/Microsoft.Network/virtualNetworks/testingcode",
            "location": "centralindia",
            "name": "testingcode",
            "resource_group_name": "Ashwita",
            "subnet": [
              {
                "address_prefix": "10.254.0.0/24",
                "id": "/subscriptions/75223151-1800-43db-a8f3-b7fe605d3385/resourceGroups/Ashwita/providers/Microsoft.Network/virtualNetworks/testingcode/subnets/subnet01",
                "name": "subnet01",
                "security_group": ""
              }
            ],
            "tags": {
              "CreatedBy": "ashwita.pal@tothenew.com",
              "Env": "dev",
              "ProjectName": "demo-internal",
              "ResourceName": "Ashwita"
            },
            "timeouts": null
          },
          "sensitive_attributes": [],
          "private": "eyJlMmJmYjczMC1lY2FhLTExZTYtOGY4OC0zNDM2M2JjN2M0YzAiOnsiY3JlYXRlIjoxODAwMDAwMDAwMDAwLCJkZWxldGUiOjE4MDAwMDAwMDAwMDAsInJlYWQiOjMwMDAwMDAwMDAwMCwidXBkYXRlIjoxODAwMDAwMDAwMDAwfX0=",
          "dependencies": [
            "module.application-gateway.data.azurerm_resource_group.rgrp"
          ]
        }
      ]
    }
  ],
  "check_results": null
}
