{
  "version": 4,
  "terraform_version": "1.7.5",
  "serial": 12,
  "lineage": "abc73428-6188-e8e6-70c0-d4a17cacbdd7",
  "outputs": {},
  "resources": [
    {
      "mode": "managed",
      "type": "azurerm_user_assigned_identity",
      "name": "example",
      "provider": "provider[\"registry.terraform.io/hashicorp/azurerm\"]",
      "instances": [
        {
          "schema_version": 1,
          "attributes": {
            "client_id": "e5da2dc2-f401-449f-9f23-ce102c89dd44",
            "id": "/subscriptions/75223151-1800-43db-a8f3-b7fe605d3385/resourceGroups/Ashwita/providers/Microsoft.ManagedIdentity/userAssignedIdentities/appgw-api",
            "location": "centralindia",
            "name": "appgw-api",
            "principal_id": "af45cbfe-a8cf-42c9-8345-e753a3f03e70",
            "resource_group_name": "Ashwita",
            "tags": {
              "CreatedBy": "ashwita.pal@tothenew.com"
            },
            "tenant_id": "0c53c388-7eb5-482b-93e5-b18fe1e53cf7",
            "timeouts": null
          },
          "sensitive_attributes": [],
          "private": "eyJlMmJmYjczMC1lY2FhLTExZTYtOGY4OC0zNDM2M2JjN2M0YzAiOnsiY3JlYXRlIjoxODAwMDAwMDAwMDAwLCJkZWxldGUiOjE4MDAwMDAwMDAwMDAsInJlYWQiOjMwMDAwMDAwMDAwMCwidXBkYXRlIjoxODAwMDAwMDAwMDAwfSwic2NoZW1hX3ZlcnNpb24iOiIxIn0="
        }
      ]
    },
    {
      "module": "module.application-gateway",
      "mode": "data",
      "type": "azurerm_resource_group",
      "name": "rgrp",
      "provider": "provider[\"registry.terraform.io/hashicorp/azurerm\"]",
      "instances": [
        {
          "index_key": 0,
          "schema_version": 0,
          "attributes": {
            "id": "/subscriptions/75223151-1800-43db-a8f3-b7fe605d3385/resourceGroups/Ashwita",
            "location": "centralindia",
            "managed_by": "",
            "name": "Ashwita",
            "tags": {
              "CreatedBy": "ashwita.pal@tothenew"
            },
            "timeouts": null
          },
          "sensitive_attributes": []
        }
      ]
    },
    {
      "module": "module.application-gateway",
      "mode": "data",
      "type": "azurerm_subnet",
      "name": "snet",
      "provider": "provider[\"registry.terraform.io/hashicorp/azurerm\"]",
      "instances": [
        {
          "schema_version": 0,
          "attributes": {
            "address_prefix": "10.0.0.0/24",
            "address_prefixes": [
              "10.0.0.0/24"
            ],
            "enforce_private_link_endpoint_network_policies": true,
            "enforce_private_link_service_network_policies": false,
            "id": "/subscriptions/75223151-1800-43db-a8f3-b7fe605d3385/resourceGroups/Ashwita/providers/Microsoft.Network/virtualNetworks/testingcode/subnets/default",
            "name": "default",
            "network_security_group_id": "",
            "private_endpoint_network_policies_enabled": false,
            "private_link_service_network_policies_enabled": true,
            "resource_group_name": "Ashwita",
            "route_table_id": "",
            "service_endpoints": [],
            "timeouts": null,
            "virtual_network_name": "testingcode"
          },
          "sensitive_attributes": []
        }
      ]
    },
    {
      "module": "module.application-gateway",
      "mode": "data",
      "type": "azurerm_virtual_network",
      "name": "vnet",
      "provider": "provider[\"registry.terraform.io/hashicorp/azurerm\"]",
      "instances": [
        {
          "index_key": 0,
          "schema_version": 0,
          "attributes": {
            "address_space": [
              "10.0.0.0/16"
            ],
            "dns_servers": null,
            "guid": "ecb72dfd-a7b4-4c7b-ace1-18047ea778c7",
            "id": "/subscriptions/75223151-1800-43db-a8f3-b7fe605d3385/resourceGroups/Ashwita/providers/Microsoft.Network/virtualNetworks/testingcode",
            "location": "centralindia",
            "name": "testingcode",
            "resource_group_name": "Ashwita",
            "subnets": [
              "default"
            ],
            "tags": {
              "CreatedBy": "ashwita.pal@tothenew"
            },
            "timeouts": null,
            "vnet_peerings": {},
            "vnet_peerings_addresses": []
          },
          "sensitive_attributes": []
        }
      ]
    },
    {
      "module": "module.application-gateway",
      "mode": "managed",
      "type": "azurerm_public_ip",
      "name": "pip",
      "provider": "provider[\"registry.terraform.io/hashicorp/azurerm\"]",
      "instances": [
        {
          "schema_version": 0,
          "attributes": {
            "allocation_method": "Static",
            "ddos_protection_mode": "VirtualNetworkInherited",
            "ddos_protection_plan_id": null,
            "domain_name_label": null,
            "edge_zone": "",
            "fqdn": null,
            "id": "/subscriptions/75223151-1800-43db-a8f3-b7fe605d3385/resourceGroups/Ashwita/providers/Microsoft.Network/publicIPAddresses/testgateway",
            "idle_timeout_in_minutes": 4,
            "ip_address": "98.70.100.211",
            "ip_tags": {},
            "ip_version": "IPv4",
            "location": "centralindia",
            "name": "testgateway",
            "public_ip_prefix_id": null,
            "resource_group_name": "Ashwita",
            "reverse_fqdn": null,
            "sku": "Standard",
            "sku_tier": "Regional",
            "tags": {
              "BusinessUnit": "CORP",
              "CreatedBy": "ashwita.pal@tothenew.com",
              "Env": "dev",
              "Owner": "user@example.com",
              "ProjectName": "demo-internal",
              "ResourceName": "testgateway-centralindia-gw-pip",
              "ServiceClass": "Gold"
            },
            "timeouts": null,
            "zones": []
          },
          "sensitive_attributes": [],
          "private": "eyJlMmJmYjczMC1lY2FhLTExZTYtOGY4OC0zNDM2M2JjN2M0YzAiOnsiY3JlYXRlIjoxODAwMDAwMDAwMDAwLCJkZWxldGUiOjE4MDAwMDAwMDAwMDAsInJlYWQiOjMwMDAwMDAwMDAwMCwidXBkYXRlIjoxODAwMDAwMDAwMDAwfX0=",
          "dependencies": [
            "module.application-gateway.data.azurerm_resource_group.rgrp"
          ]
        }
      ]
    },
    {
      "module": "module.application-gateway",
      "mode": "managed",
      "type": "azurerm_resource_group",
      "name": "rg",
      "provider": "provider[\"registry.terraform.io/hashicorp/azurerm\"]",
      "instances": []
    }
  ],
  "check_results": null
}
